
Microsoft Visual Studio Solution File, Format Version 12.00
# Visual Studio Version 16
VisualStudioVersion = 16.0.29424.173
MinimumVisualStudioVersion = 10.0.40219.1
Project("{9A19103F-16F7-4668-BE54-9A1E7A4F7556}") = "NetCoreConsoleApp", "NetCoreConsoleApp\NetCoreConsoleApp.csproj", "{24372752-89D1-44C9-B3DF-517695CDFC10}"
EndProject
Project("{FAE04EC0-301F-11D3-BF4B-00C04F79EFBC}") = "AspNetCoreApp", "AspNetCoreApp\AspNetCoreApp.csproj", "{C69B4801-FD67-4360-B500-1D841BEABBC5}"
EndProject
Project("{FAE04EC0-301F-11D3-BF4B-00C04F79EFBC}") = "NetStandardCommon", "NetStandardCommon\NetStandardCommon.csproj", "{EBADF6FC-F0D7-496E-AAFB-01D79C8AAD82}"
EndProject
Global
	GlobalSection(SolutionConfigurationPlatforms) = preSolution
		Debug|Any CPU = Debug|Any CPU
		Release|Any CPU = Release|Any CPU
	EndGlobalSection
	GlobalSection(ProjectConfigurationPlatforms) = postSolution
		{24372752-89D1-44C9-B3DF-517695CDFC10}.Debug|Any CPU.ActiveCfg = Debug|Any CPU
		{24372752-89D1-44C9-B3DF-517695CDFC10}.Debug|Any CPU.Build.0 = Debug|Any CPU
		{24372752-89D1-44C9-B3DF-517695CDFC10}.Release|Any CPU.ActiveCfg = Release|Any CPU
		{24372752-89D1-44C9-B3DF-517695CDFC10}.Release|Any CPU.Build.0 = Release|Any CPU
		{C69B4801-FD67-4360-B500-1D841BEABBC5}.Debug|Any CPU.ActiveCfg = Debug|Any CPU
		{C69B4801-FD67-4360-B500-1D841BEABBC5}.Debug|Any CPU.Build.0 = Debug|Any CPU
		{C69B4801-FD67-4360-B500-1D841BEABBC5}.Release|Any CPU.ActiveCfg = Release|Any CPU
		{C69B4801-FD67-4360-B500-1D841BEABBC5}.Release|Any CPU.Build.0 = Release|Any CPU
		{EBADF6FC-F0D7-496E-AAFB-01D79C8AAD82}.Debug|Any CPU.ActiveCfg = Debug|Any CPU
		{EBADF6FC-F0D7-496E-AAFB-01D79C8AAD82}.Debug|Any CPU.Build.0 = Debug|Any CPU
		{EBADF6FC-F0D7-496E-AAFB-01D79C8AAD82}.Release|Any CPU.ActiveCfg = Release|Any CPU
		{EBADF6FC-F0D7-496E-AAFB-01D79C8AAD82}.Release|Any CPU.Build.0 = Release|Any CPU
	EndGlobalSection
	GlobalSection(SolutionProperties) = preSolution
		HideSolutionNode = FALSE
	EndGlobalSection
	GlobalSection(ExtensibilityGlobals) = postSolution
		SolutionGuid = {DE9415DD-AA9D-4E79-AE98-E9AE8661B3BE}
	EndGlobalSection
EndGlobal
